// !$*UTF8*$!
{
	archiveVersion = 1;
	classes = {
	};
	objectVersion = 55;
	objects = {

/* Begin PBXBuildFile section */
		C02681F82794B037006AB0F8 /* AppDelegate.swift in Sources */ = {isa = PBXBuildFile; fileRef = C02681F72794B037006AB0F8 /* AppDelegate.swift */; };
		C02681FA2794B037006AB0F8 /* SceneDelegate.swift in Sources */ = {isa = PBXBuildFile; fileRef = C02681F92794B037006AB0F8 /* SceneDelegate.swift */; };
		C02681FC2794B037006AB0F8 /* ViewController.swift in Sources */ = {isa = PBXBuildFile; fileRef = C02681FB2794B037006AB0F8 /* ViewController.swift */; };
		C02681FF2794B037006AB0F8 /* Main.storyboard in Resources */ = {isa = PBXBuildFile; fileRef = C02681FD2794B037006AB0F8 /* Main.storyboard */; };
		C02682012794B039006AB0F8 /* Assets.xcassets in Resources */ = {isa = PBXBuildFile; fileRef = C02682002794B039006AB0F8 /* Assets.xcassets */; };
		C02682042794B039006AB0F8 /* LaunchScreen.storyboard in Resources */ = {isa = PBXBuildFile; fileRef = C02682022794B039006AB0F8 /* LaunchScreen.storyboard */; };
		C02682112794B181006AB0F8 /* AlertController.swift in Sources */ = {isa = PBXBuildFile; fileRef = C02682102794B181006AB0F8 /* AlertController.swift */; };
		C02682132794BDE7006AB0F8 /* NetworkWeatherManager.swift in Sources */ = {isa = PBXBuildFile; fileRef = C02682122794BDE7006AB0F8 /* NetworkWeatherManager.swift */; };
		C02682152794BF17006AB0F8 /* Constants.swift in Sources */ = {isa = PBXBuildFile; fileRef = C02682142794BF17006AB0F8 /* Constants.swift */; };
/* End PBXBuildFile section */

/* Begin PBXFileReference section */
		C02681F42794B037006AB0F8 /* WeatherAPI_Demo.app */ = {isa = PBXFileReference; explicitFileType = wrapper.application; includeInIndex = 0; path = WeatherAPI_Demo.app; sourceTree = BUILT_PRODUCTS_DIR; };
		C02681F72794B037006AB0F8 /* AppDelegate.swift */ = {isa = PBXFileReference; lastKnownFileType = sourcecode.swift; path = AppDelegate.swift; sourceTree = "<group>"; };
		C02681F92794B037006AB0F8 /* SceneDelegate.swift */ = {isa = PBXFileReference; lastKnownFileType = sourcecode.swift; path = SceneDelegate.swift; sourceTree = "<group>"; };
		C02681FB2794B037006AB0F8 /* ViewController.swift */ = {isa = PBXFileReference; lastKnownFileType = sourcecode.swift; path = ViewController.swift; sourceTree = "<group>"; };
		C02681FE2794B037006AB0F8 /* Base */ = {isa = PBXFileReference; lastKnownFileType = file.storyboard; name = Base; path = Base.lproj/Main.storyboard; sourceTree = "<group>"; };
		C02682002794B039006AB0F8 /* Assets.xcassets */ = {isa = PBXFileReference; lastKnownFileType = folder.assetcatalog; path = Assets.xcassets; sourceTree = "<group>"; };
		C02682032794B039006AB0F8 /* Base */ = {isa = PBXFileReference; lastKnownFileType = file.storyboard; name = Base; path = Base.lproj/LaunchScreen.storyboard; sourceTree = "<group>"; };
		C02682052794B039006AB0F8 /* Info.plist */ = {isa = PBXFileReference; lastKnownFileType = text.plist.xml; path = Info.plist; sourceTree = "<group>"; };
		C02682102794B181006AB0F8 /* AlertController.swift */ = {isa = PBXFileReference; lastKnownFileType = sourcecode.swift; path = AlertController.swift; sourceTree = "<group>"; };
		C02682122794BDE7006AB0F8 /* NetworkWeatherManager.swift */ = {isa = PBXFileReference; lastKnownFileType = sourcecode.swift; path = NetworkWeatherManager.swift; sourceTree = "<group>"; };
		C02682142794BF17006AB0F8 /* Constants.swift */ = {isa = PBXFileReference; lastKnownFileType = sourcecode.swift; path = Constants.swift; sourceTree = "<group>"; };
/* End PBXFileReference section */

/* Begin PBXFrameworksBuildPhase section */
		C02681F12794B037006AB0F8 /* Frameworks */ = {
			isa = PBXFrameworksBuildPhase;
			buildActionMask = 2147483647;
			files = (
			);
			runOnlyForDeploymentPostprocessing = 0;
		};
/* End PBXFrameworksBuildPhase section */

/* Begin PBXGroup section */
		C02681EB2794B037006AB0F8 = {
			isa = PBXGroup;
			children = (
				C02681F62794B037006AB0F8 /* WeatherAPI_Demo */,
				C02681F52794B037006AB0F8 /* Products */,
			);
			sourceTree = "<group>";
		};
		C02681F52794B037006AB0F8 /* Products */ = {
			isa = PBXGroup;
			children = (
				C02681F42794B037006AB0F8 /* WeatherAPI_Demo.app */,
			);
			name = Products;
			sourceTree = "<group>";
		};
		C02681F62794B037006AB0F8 /* WeatherAPI_Demo */ = {
			isa = PBXGroup;
			children = (
				C026820F2794B16E006AB0F8 /* Extensions */,
				C026820E2794B07E006AB0F8 /* Models */,
				C026820C2794B061006AB0F8 /* View */,
				C026820D2794B06E006AB0F8 /* Controller */,
				C026820B2794B03F006AB0F8 /* Supporting */,
				C02682052794B039006AB0F8 /* Info.plist */,
			);
			path = WeatherAPI_Demo;
			sourceTree = "<group>";
		};
		C026820B2794B03F006AB0F8 /* Supporting */ = {
			isa = PBXGroup;
			children = (
				C02682002794B039006AB0F8 /* Assets.xcassets */,
				C02681F72794B037006AB0F8 /* AppDelegate.swift */,
				C02681F92794B037006AB0F8 /* SceneDelegate.swift */,
				C02682142794BF17006AB0F8 /* Constants.swift */,
			);
			path = Supporting;
			sourceTree = "<group>";
		};
		C026820C2794B061006AB0F8 /* View */ = {
			isa = PBXGroup;
			children = (
				C02681FD2794B037006AB0F8 /* Main.storyboard */,
				C02682022794B039006AB0F8 /* LaunchScreen.storyboard */,
			);
			path = View;
			sourceTree = "<group>";
		};
		C026820D2794B06E006AB0F8 /* Controller */ = {
			isa = PBXGroup;
			children = (
				C02681FB2794B037006AB0F8 /* ViewController.swift */,
			);
			path = Controller;
			sourceTree = "<group>";
		};
		C026820E2794B07E006AB0F8 /* Models */ = {
			isa = PBXGroup;
			children = (
				C02682122794BDE7006AB0F8 /* NetworkWeatherManager.swift */,
			);
			path = Models;
			sourceTree = "<group>";
		};
		C026820F2794B16E006AB0F8 /* Extensions */ = {
			isa = PBXGroup;
			children = (
				C02682102794B181006AB0F8 /* AlertController.swift */,
			);
			path = Extensions;
			sourceTree = "<group>";
		};
/* End PBXGroup section */

/* Begin PBXNativeTarget section */
		C02681F32794B037006AB0F8 /* WeatherAPI_Demo */ = {
			isa = PBXNativeTarget;
			buildConfigurationList = C02682082794B039006AB0F8 /* Build configuration list for PBXNativeTarget "WeatherAPI_Demo" */;
			buildPhases = (
				C02681F02794B037006AB0F8 /* Sources */,
				C02681F12794B037006AB0F8 /* Frameworks */,
				C02681F22794B037006AB0F8 /* Resources */,
			);
			buildRules = (
			);
			dependencies = (
			);
			name = WeatherAPI_Demo;
			productName = WeatherAPI_Demo;
			productReference = C02681F42794B037006AB0F8 /* WeatherAPI_Demo.app */;
			productType = "com.apple.product-type.application";
		};
/* End PBXNativeTarget section */

/* Begin PBXProject section */
		C02681EC2794B037006AB0F8 /* Project object */ = {
			isa = PBXProject;
			attributes = {
				BuildIndependentTargetsInParallel = 1;
				LastSwiftUpdateCheck = 1320;
				LastUpgradeCheck = 1320;
				TargetAttributes = {
					C02681F32794B037006AB0F8 = {
						CreatedOnToolsVersion = 13.2.1;
					};
				};
			};
			buildConfigurationList = C02681EF2794B037006AB0F8 /* Build configuration list for PBXProject "WeatherAPI_Demo" */;
			compatibilityVersion = "Xcode 13.0";
			developmentRegion = en;
			hasScannedForEncodings = 0;
			knownRegions = (
				en,
				Base,
			);
			mainGroup = C02681EB2794B037006AB0F8;
			productRefGroup = C02681F52794B037006AB0F8 /* Products */;
			projectDirPath = "";
			projectRoot = "";
			targets = (
				C02681F32794B037006AB0F8 /* WeatherAPI_Demo */,
			);
		};
/* End PBXProject section */

/* Begin PBXResourcesBuildPhase section */
		C02681F22794B037006AB0F8 /* Resources */ = {
			isa = PBXResourcesBuildPhase;
			buildActionMask = 2147483647;
			files = (
				C02682042794B039006AB0F8 /* LaunchScreen.storyboard in Resources */,
				C02682012794B039006AB0F8 /* Assets.xcassets in Resources */,
				C02681FF2794B037006AB0F8 /* Main.storyboard in Resources */,
			);
			runOnlyForDeploymentPostprocessing = 0;
		};
/* End PBXResourcesBuildPhase section */

/* Begin PBXSourcesBuildPhase section */
		C02681F02794B037006AB0F8 /* Sources */ = {
			isa = PBXSourcesBuildPhase;
			buildActionMask = 2147483647;
			files = (
				C02682112794B181006AB0F8 /* AlertController.swift in Sources */,
				C02681FC2794B037006AB0F8 /* ViewController.swift in Sources */,
				C02682132794BDE7006AB0F8 /* NetworkWeatherManager.swift in Sources */,
				C02681F82794B037006AB0F8 /* AppDelegate.swift in Sources */,
				C02681FA2794B037006AB0F8 /* SceneDelegate.swift in Sources */,
				C02682152794BF17006AB0F8 /* Constants.swift in Sources */,
			);
			runOnlyForDeploymentPostprocessing = 0;
		};
/* End PBXSourcesBuildPhase section */

/* Begin PBXVariantGroup section */
		C02681FD2794B037006AB0F8 /* Main.storyboard */ = {
			isa = PBXVariantGroup;
			children = (
				C02681FE2794B037006AB0F8 /* Base */,
			);
			name = Main.storyboard;
			sourceTree = "<group>";
		};
		C02682022794B039006AB0F8 /* LaunchScreen.storyboard */ = {
			isa = PBXVariantGroup;
			children = (
				C02682032794B039006AB0F8 /* Base */,
			);
			name = LaunchScreen.storyboard;
			sourceTree = "<group>";
		};
/* End PBXVariantGroup section */

/* Begin XCBuildConfiguration section */
		C02682062794B039006AB0F8 /* Debug */ = {
			isa = XCBuildConfiguration;
			buildSettings = {
				ALWAYS_SEARCH_USER_PATHS = NO;
				CLANG_ANALYZER_NONNULL = YES;
				CLANG_ANALYZER_NUMBER_OBJECT_CONVERSION = YES_AGGRESSIVE;
				CLANG_CXX_LANGUAGE_STANDARD = "gnu++17";
				CLANG_CXX_LIBRARY = "libc++";
				CLANG_ENABLE_MODULES = YES;
				CLANG_ENABLE_OBJC_ARC = YES;
				CLANG_ENABLE_OBJC_WEAK = YES;
				CLANG_WARN_BLOCK_CAPTURE_AUTORELEASING = YES;
				CLANG_WARN_BOOL_CONVERSION = YES;
				CLANG_WARN_COMMA = YES;
				CLANG_WARN_CONSTANT_CONVERSION = YES;
				CLANG_WARN_DEPRECATED_OBJC_IMPLEMENTATIONS = YES;
				CLANG_WARN_DIRECT_OBJC_ISA_USAGE = YES_ERROR;
				CLANG_WARN_DOCUMENTATION_COMMENTS = YES;
				CLANG_WARN_EMPTY_BODY = YES;
				CLANG_WARN_ENUM_CONVERSION = YES;
				CLANG_WARN_INFINITE_RECURSION = YES;
				CLANG_WARN_INT_CONVERSION = YES;
				CLANG_WARN_NON_LITERAL_NULL_CONVERSION = YES;
				CLANG_WARN_OBJC_IMPLICIT_RETAIN_SELF = YES;
				CLANG_WARN_OBJC_LITERAL_CONVERSION = YES;
				CLANG_WARN_OBJC_ROOT_CLASS = YES_ERROR;
				CLANG_WARN_QUOTED_INCLUDE_IN_FRAMEWORK_HEADER = YES;
				CLANG_WARN_RANGE_LOOP_ANALYSIS = YES;
				CLANG_WARN_STRICT_PROTOTYPES = YES;
				CLANG_WARN_SUSPICIOUS_MOVE = YES;
				CLANG_WARN_UNGUARDED_AVAILABILITY = YES_AGGRESSIVE;
				CLANG_WARN_UNREACHABLE_CODE = YES;
				CLANG_WARN__DUPLICATE_METHOD_MATCH = YES;
				COPY_PHASE_STRIP = NO;
				DEBUG_INFORMATION_FORMAT = dwarf;
				ENABLE_STRICT_OBJC_MSGSEND = YES;
				ENABLE_TESTABILITY = YES;
				GCC_C_LANGUAGE_STANDARD = gnu11;
				GCC_DYNAMIC_NO_PIC = NO;
				GCC_NO_COMMON_BLOCKS = YES;
				GCC_OPTIMIZATION_LEVEL = 0;
				GCC_PREPROCESSOR_DEFINITIONS = (
					"DEBUG=1",
					"$(inherited)",
				);
				GCC_WARN_64_TO_32_BIT_CONVERSION = YES;
				GCC_WARN_ABOUT_RETURN_TYPE = YES_ERROR;
				GCC_WARN_UNDECLARED_SELECTOR = YES;
				GCC_WARN_UNINITIALIZED_AUTOS = YES_AGGRESSIVE;
				GCC_WARN_UNUSED_FUNCTION = YES;
				GCC_WARN_UNUSED_VARIABLE = YES;
				IPHONEOS_DEPLOYMENT_TARGET = 15.2;
				MTL_ENABLE_DEBUG_INFO = INCLUDE_SOURCE;
				MTL_FAST_MATH = YES;
				ONLY_ACTIVE_ARCH = YES;
				SDKROOT = iphoneos;
				SWIFT_ACTIVE_COMPILATION_CONDITIONS = DEBUG;
				SWIFT_OPTIMIZATION_LEVEL = "-Onone";
			};
			name = Debug;
		};
		C02682072794B039006AB0F8 /* Release */ = {
			isa = XCBuildConfiguration;
			buildSettings = {
				ALWAYS_SEARCH_USER_PATHS = NO;
				CLANG_ANALYZER_NONNULL = YES;
				CLANG_ANALYZER_NUMBER_OBJECT_CONVERSION = YES_AGGRESSIVE;
				CLANG_CXX_LANGUAGE_STANDARD = "gnu++17";
				CLANG_CXX_LIBRARY = "libc++";
				CLANG_ENABLE_MODULES = YES;
				CLANG_ENABLE_OBJC_ARC = YES;
				CLANG_ENABLE_OBJC_WEAK = YES;
				CLANG_WARN_BLOCK_CAPTURE_AUTORELEASING = YES;
				CLANG_WARN_BOOL_CONVERSION = YES;
				CLANG_WARN_COMMA = YES;
				CLANG_WARN_CONSTANT_CONVERSION = YES;
				CLANG_WARN_DEPRECATED_OBJC_IMPLEMENTATIONS = YES;
				CLANG_WARN_DIRECT_OBJC_ISA_USAGE = YES_ERROR;
				CLANG_WARN_DOCUMENTATION_COMMENTS = YES;
				CLANG_WARN_EMPTY_BODY = YES;
				CLANG_WARN_ENUM_CONVERSION = YES;
				CLANG_WARN_INFINITE_RECURSION = YES;
				CLANG_WARN_INT_CONVERSION = YES;
				CLANG_WARN_NON_LITERAL_NULL_CONVERSION = YES;
				CLANG_WARN_OBJC_IMPLICIT_RETAIN_SELF = YES;
				CLANG_WARN_OBJC_LITERAL_CONVERSION = YES;
				CLANG_WARN_OBJC_ROOT_CLASS = YES_ERROR;
				CLANG_WARN_QUOTED_INCLUDE_IN_FRAMEWORK_HEADER = YES;
				CLANG_WARN_RANGE_LOOP_ANALYSIS = YES;
				CLANG_WARN_STRICT_PROTOTYPES = YES;
				CLANG_WARN_SUSPICIOUS_MOVE = YES;
				CLANG_WARN_UNGUARDED_AVAILABILITY = YES_AGGRESSIVE;
				CLANG_WARN_UNREACHABLE_CODE = YES;
				CLANG_WARN__DUPLICATE_METHOD_MATCH = YES;
				COPY_PHASE_STRIP = NO;
				DEBUG_INFORMATION_FORMAT = "dwarf-with-dsym";
				ENABLE_NS_ASSERTIONS = NO;
				ENABLE_STRICT_OBJC_MSGSEND = YES;
				GCC_C_LANGUAGE_STANDARD = gnu11;
				GCC_NO_COMMON_BLOCKS = YES;
				GCC_WARN_64_TO_32_BIT_CONVERSION = YES;
				GCC_WARN_ABOUT_RETURN_TYPE = YES_ERROR;
				GCC_WARN_UNDECLARED_SELECTOR = YES;
				GCC_WARN_UNINITIALIZED_AUTOS = YES_AGGRESSIVE;
				GCC_WARN_UNUSED_FUNCTION = YES;
				GCC_WARN_UNUSED_VARIABLE = YES;
				IPHONEOS_DEPLOYMENT_TARGET = 15.2;
				MTL_ENABLE_DEBUG_INFO = NO;
				MTL_FAST_MATH = YES;
				SDKROOT = iphoneos;
				SWIFT_COMPILATION_MODE = wholemodule;
				SWIFT_OPTIMIZATION_LEVEL = "-O";
				VALIDATE_PRODUCT = YES;
			};
			name = Release;
		};
		C02682092794B039006AB0F8 /* Debug */ = {
			isa = XCBuildConfiguration;
			buildSettings = {
				ASSETCATALOG_COMPILER_APPICON_NAME = AppIcon;
				ASSETCATALOG_COMPILER_GLOBAL_ACCENT_COLOR_NAME = AccentColor;
				CODE_SIGN_STYLE = Automatic;
				CURRENT_PROJECT_VERSION = 1;
				DEVELOPMENT_TEAM = C9QK36AN46;
				GENERATE_INFOPLIST_FILE = YES;
				INFOPLIST_FILE = WeatherAPI_Demo/Info.plist;
				INFOPLIST_KEY_UIApplicationSupportsIndirectInputEvents = YES;
				INFOPLIST_KEY_UILaunchStoryboardName = LaunchScreen;
				INFOPLIST_KEY_UIMainStoryboardFile = Main;
				INFOPLIST_KEY_UISupportedInterfaceOrientations_iPad = "UIInterfaceOrientationPortrait UIInterfaceOrientationPortraitUpsideDown UIInterfaceOrientationLandscapeLeft UIInterfaceOrientationLandscapeRight";
				INFOPLIST_KEY_UISupportedInterfaceOrientations_iPhone = "UIInterfaceOrientationPortrait UIInterfaceOrientationLandscapeLeft UIInterfaceOrientationLandscapeRight";
				LD_RUNPATH_SEARCH_PATHS = (
					"$(inherited)",
					"@executable_path/Frameworks",
				);
				MARKETING_VERSION = 1.0;
				PRODUCT_BUNDLE_IDENTIFIER = "niko.kharkevich.WeatherAPI-Demo";
				PRODUCT_NAME = "$(TARGET_NAME)";
				SWIFT_EMIT_LOC_STRINGS = YES;
				SWIFT_VERSION = 5.0;
				TARGETED_DEVICE_FAMILY = "1,2";
			};
			name = Debug;
		};
		C026820A2794B039006AB0F8 /* Release */ = {
			isa = XCBuildConfiguration;
			buildSettings = {
				ASSETCATALOG_COMPILER_APPICON_NAME = AppIcon;
				ASSETCATALOG_COMPILER_GLOBAL_ACCENT_COLOR_NAME = AccentColor;
				CODE_SIGN_STYLE = Automatic;
				CURRENT_PROJECT_VERSION = 1;
				DEVELOPMENT_TEAM = C9QK36AN46;
				GENERATE_INFOPLIST_FILE = YES;
				INFOPLIST_FILE = WeatherAPI_Demo/Info.plist;
				INFOPLIST_KEY_UIApplicationSupportsIndirectInputEvents = YES;
				INFOPLIST_KEY_UILaunchStoryboardName = LaunchScreen;
				INFOPLIST_KEY_UIMainStoryboardFile = Main;
				INFOPLIST_KEY_UISupportedInterfaceOrientations_iPad = "UIInterfaceOrientationPortrait UIInterfaceOrientationPortraitUpsideDown UIInterfaceOrientationLandscapeLeft UIInterfaceOrientationLandscapeRight";
				INFOPLIST_KEY_UISupportedInterfaceOrientations_iPhone = "UIInterfaceOrientationPortrait UIInterfaceOrientationLandscapeLeft UIInterfaceOrientationLandscapeRight";
				LD_RUNPATH_SEARCH_PATHS = (
					"$(inherited)",
					"@executable_path/Frameworks",
				);
				MARKETING_VERSION = 1.0;
				PRODUCT_BUNDLE_IDENTIFIER = "niko.kharkevich.WeatherAPI-Demo";
				PRODUCT_NAME = "$(TARGET_NAME)";
				SWIFT_EMIT_LOC_STRINGS = YES;
				SWIFT_VERSION = 5.0;
				TARGETED_DEVICE_FAMILY = "1,2";
			};
			name = Release;
		};
/* End XCBuildConfiguration section */

/* Begin XCConfigurationList section */
		C02681EF2794B037006AB0F8 /* Build configuration list for PBXProject "WeatherAPI_Demo" */ = {
			isa = XCConfigurationList;
			buildConfigurations = (
				C02682062794B039006AB0F8 /* Debug */,
				C02682072794B039006AB0F8 /* Release */,
			);
			defaultConfigurationIsVisible = 0;
			defaultConfigurationName = Release;
		};
		C02682082794B039006AB0F8 /* Build configuration list for PBXNativeTarget "WeatherAPI_Demo" */ = {
			isa = XCConfigurationList;
			buildConfigurations = (
				C02682092794B039006AB0F8 /* Debug */,
				C026820A2794B039006AB0F8 /* Release */,
			);
			defaultConfigurationIsVisible = 0;
			defaultConfigurationName = Release;
		};
/* End XCConfigurationList section */
	};
	rootObject = C02681EC2794B037006AB0F8 /* Project object */;
}
